
Microsoft Visual Studio Solution File, Format Version 12.00
# Visual Studio 15
VisualStudioVersion = 15.0.28307.168
MinimumVisualStudioVersion = 10.0.40219.1
Project("{FAE04EC0-301F-11D3-BF4B-00C04F79EFBC}") = "lab2-unittesting", "lab2-unittesting\lab2-unittesting.csproj", "{F7997C8D-5D6F-4E95-8B3C-E0F00ED1CAAE}"
EndProject
Project("{FAE04EC0-301F-11D3-BF4B-00C04F79EFBC}") = "XUnitTestProject1", "..\XUnitTestProject1\XUnitTestProject1.csproj", "{A9768958-EA76-40A9-AE95-2174A676472A}"
EndProject
Global
	GlobalSection(SolutionConfigurationPlatforms) = preSolution
		Debug|Any CPU = Debug|Any CPU
		Release|Any CPU = Release|Any CPU
	EndGlobalSection
	GlobalSection(ProjectConfigurationPlatforms) = postSolution
		{F7997C8D-5D6F-4E95-8B3C-E0F00ED1CAAE}.Debug|Any CPU.ActiveCfg = Debug|Any CPU
		{F7997C8D-5D6F-4E95-8B3C-E0F00ED1CAAE}.Debug|Any CPU.Build.0 = Debug|Any CPU
		{F7997C8D-5D6F-4E95-8B3C-E0F00ED1CAAE}.Release|Any CPU.ActiveCfg = Release|Any CPU
		{F7997C8D-5D6F-4E95-8B3C-E0F00ED1CAAE}.Release|Any CPU.Build.0 = Release|Any CPU
		{A9768958-EA76-40A9-AE95-2174A676472A}.Debug|Any CPU.ActiveCfg = Debug|Any CPU
		{A9768958-EA76-40A9-AE95-2174A676472A}.Debug|Any CPU.Build.0 = Debug|Any CPU
		{A9768958-EA76-40A9-AE95-2174A676472A}.Release|Any CPU.ActiveCfg = Release|Any CPU
		{A9768958-EA76-40A9-AE95-2174A676472A}.Release|Any CPU.Build.0 = Release|Any CPU
	EndGlobalSection
	GlobalSection(SolutionProperties) = preSolution
		HideSolutionNode = FALSE
	EndGlobalSection
	GlobalSection(ExtensibilityGlobals) = postSolution
		SolutionGuid = {0FEF4832-502B-4269-A627-A21F9A7A6AD8}
	EndGlobalSection
EndGlobal
